{
  "name": "cli-select-prompt",
  "version": "0.0.1",
  "lockfileVersion": 1,
  "requires": true,
  "dependencies": {
    "@types/is-glob": {
      "version": "4.0.1",
      "resolved": "https://registry.npmjs.org/@types/is-glob/-/is-glob-4.0.1.tgz",
      "integrity": "sha512-k3RS5HyBPu4h+5hTmIEfPB2rl5P3LnGdQEZrV2b9OWTJVtsUQ2VBcedqYKGqxvZqle5UALUXdSfVA8nf3HfyWQ==",
      "dev": true
    },
    "@types/node": {
      "version": "8.5.0",
      "resolved": "https://registry.npmjs.org/@types/node/-/node-8.5.0.tgz",
      "integrity": "sha512-9FmMtKisAgPekOGYeaXoB6QYDSX8MhLZurlpPoVupVj5Pl5ewNfv1yZrUs84B0XK7s1G/Vay10oXBbM1akSfTA==",
      "dev": true
    },
    "ansi-escapes": {
      "version": "4.3.1",
      "resolved": "https://registry.npmjs.org/ansi-escapes/-/ansi-escapes-4.3.1.tgz",
      "integrity": "sha512-JWF7ocqNrp8u9oqpgV+wH5ftbt+cfvv+PTjOvKLT3AdYly/LmORARfEVT1iyjwN+4MqE5UmVKoAdIBqeoCHgLA==",
      "requires": {
        "type-fest": "^0.11.0"
      }
    },
    "ansi-regex": {
      "version": "5.0.0",
      "resolved": "https://registry.npmjs.org/ansi-regex/-/ansi-regex-5.0.0.tgz",
      "integrity": "sha512-bY6fj56OUQ0hU1KjFNDQuJFezqKdrAyFdIevADiqrWHwSlbmBNMHp5ak2f40Pm8JTFyM2mqxkG6ngkHO11f/lg=="
    },
    "arg": {
      "version": "4.1.3",
      "resolved": "https://registry.npmjs.org/arg/-/arg-4.1.3.tgz",
      "integrity": "sha512-58S9QDqG0Xx27YwPSt9fJxivjYl432YCwfDMfZ+71RAqUrZef7LrKQZ3LHLOwCS4FLNBplP533Zx895SeOCHvA==",
      "dev": true
    },
    "balanced-match": {
      "version": "1.0.0",
      "resolved": "https://registry.npmjs.org/balanced-match/-/balanced-match-1.0.0.tgz",
      "integrity": "sha1-ibTRmasr7kneFk6gK4nORi1xt2c=",
      "dev": true
    },
    "brace-expansion": {
      "version": "1.1.11",
      "resolved": "https://registry.npmjs.org/brace-expansion/-/brace-expansion-1.1.11.tgz",
      "integrity": "sha512-iCuPHDFgrHX7H2vEI/5xpz07zSHB00TpugqhmYtVmMO6518mCuRMoOYFldEBl0g187ufozdaHgWKcYFb61qGiA==",
      "dev": true,
      "requires": {
        "balanced-match": "^1.0.0",
        "concat-map": "0.0.1"
      }
    },
    "braces": {
      "version": "3.0.2",
      "resolved": "https://registry.npmjs.org/braces/-/braces-3.0.2.tgz",
      "integrity": "sha512-b8um+L1RzM3WDSzvhm6gIz1yfTbBt6YTlcEKAvsmqCZZFw46z626lVj9j1yEPW33H5H+lBQpZMP1k8l+78Ha0A==",
      "requires": {
        "fill-range": "^7.0.1"
      }
    },
    "buffer-from": {
      "version": "1.1.1",
      "resolved": "https://registry.npmjs.org/buffer-from/-/buffer-from-1.1.1.tgz",
      "integrity": "sha512-MQcXEUbCKtEo7bhqEs6560Hyd4XaovZlO/k9V3hjVUF/zwW7KBVdSK4gIt/bzwS9MbR5qob+F5jusZsb0YQK2A==",
      "dev": true
    },
    "concat-map": {
      "version": "0.0.1",
      "resolved": "https://registry.npmjs.org/concat-map/-/concat-map-0.0.1.tgz",
      "integrity": "sha1-2Klr13/Wjfd5OnMDajug1UBdR3s=",
      "dev": true
    },
    "create-require": {
      "version": "1.1.1",
      "resolved": "https://registry.npmjs.org/create-require/-/create-require-1.1.1.tgz",
      "integrity": "sha512-dcKFX3jn0MpIaXjisoRvexIJVEKzaq7z2rZKxf+MSr9TkdmHmsU4m2lcLojrj/FHl8mk5VxMmYA+ftRkP/3oKQ==",
      "dev": true
    },
    "diff": {
      "version": "4.0.2",
      "resolved": "https://registry.npmjs.org/diff/-/diff-4.0.2.tgz",
      "integrity": "sha512-58lmxKSA4BNyLz+HHMUzlOEpg09FV+ev6ZMe3vJihgdxzgcwZ8VoEEPmALCZG9LmqfVoNMMKpttIYTVG6uDY7A==",
      "dev": true
    },
    "fill-range": {
      "version": "7.0.1",
      "resolved": "https://registry.npmjs.org/fill-range/-/fill-range-7.0.1.tgz",
      "integrity": "sha512-qOo9F+dMUmC2Lcb4BbVvnKJxTPjCm+RRpe4gDuGrzkL7mEVl/djYSu2OdQ2Pa302N4oqkSg9ir6jaLWJ2USVpQ==",
      "requires": {
        "to-regex-range": "^5.0.1"
      }
    },
    "fs.realpath": {
      "version": "1.0.0",
      "resolved": "https://registry.npmjs.org/fs.realpath/-/fs.realpath-1.0.0.tgz",
      "integrity": "sha1-FQStJSMVjKpA20onh8sBQRmU6k8=",
      "dev": true
    },
    "glob": {
      "version": "7.1.6",
      "resolved": "https://registry.npmjs.org/glob/-/glob-7.1.6.tgz",
      "integrity": "sha512-LwaxwyZ72Lk7vZINtNNrywX0ZuLyStrdDtabefZKAY5ZGJhVtgdznluResxNmPitE0SAO+O26sWTHeKSI2wMBA==",
      "dev": true,
      "requires": {
        "fs.realpath": "^1.0.0",
        "inflight": "^1.0.4",
        "inherits": "2",
        "minimatch": "^3.0.4",
        "once": "^1.3.0",
        "path-is-absolute": "^1.0.0"
      }
    },
    "inflight": {
      "version": "1.0.6",
      "resolved": "https://registry.npmjs.org/inflight/-/inflight-1.0.6.tgz",
      "integrity": "sha1-Sb1jMdfQLQwJvJEKEHW6gWW1bfk=",
      "dev": true,
      "requires": {
        "once": "^1.3.0",
        "wrappy": "1"
      }
    },
    "inherits": {
      "version": "2.0.4",
      "resolved": "https://registry.npmjs.org/inherits/-/inherits-2.0.4.tgz",
      "integrity": "sha512-k/vGaX4/Yla3WzyMCvTQOXYeIHvqOKtnqBduzTHpzpQZzAskKMhZ2K+EnBiSM9zGSoIFeMpXKxa4dYeZIQqewQ==",
      "dev": true
    },
    "is-extglob": {
      "version": "2.1.1",
      "resolved": "https://registry.npmjs.org/is-extglob/-/is-extglob-2.1.1.tgz",
      "integrity": "sha1-qIwCU1eR8C7TfHahueqXc8gz+MI="
    },
    "is-glob": {
      "version": "4.0.1",
      "resolved": "https://registry.npmjs.org/is-glob/-/is-glob-4.0.1.tgz",
      "integrity": "sha512-5G0tKtBTFImOqDnLB2hG6Bp2qcKEFduo4tZu9MT/H6NQv/ghhy30o55ufafxJ/LdH79LLs2Kfrn85TLKyA7BUg==",
      "requires": {
        "is-extglob": "^2.1.1"
      }
    },
    "is-number": {
      "version": "7.0.0",
      "resolved": "https://registry.npmjs.org/is-number/-/is-number-7.0.0.tgz",
      "integrity": "sha512-41Cifkg6e8TylSpdtTpeLVMqvSBEVzTttHvERD741+pnZ8ANv0004MRL43QKPDlK9cGvNp6NZWZUBlbGXYxxng=="
    },
    "kleur": {
      "version": "4.1.3",
      "resolved": "https://registry.npmjs.org/kleur/-/kleur-4.1.3.tgz",
      "integrity": "sha512-H1tr8QP2PxFTNwAFM74Mui2b6ovcY9FoxJefgrwxY+OCJcq01k5nvhf4M/KnizzrJvLRap5STUy7dgDV35iUBw=="
    },
    "make-error": {
      "version": "1.3.6",
      "resolved": "https://registry.npmjs.org/make-error/-/make-error-1.3.6.tgz",
      "integrity": "sha512-s8UhlNe7vPKomQhC1qFelMokr/Sc3AgNbso3n74mVPA5LTZwkB9NlXf4XPamLxJE8h0gh73rM94xvwRT2CVInw==",
      "dev": true
    },
    "micromatch": {
      "version": "4.0.2",
      "resolved": "https://registry.npmjs.org/micromatch/-/micromatch-4.0.2.tgz",
      "integrity": "sha512-y7FpHSbMUMoyPbYUSzO6PaZ6FyRnQOpHuKwbo1G+Knck95XVU4QAiKdGEnj5wwoS7PlOgthX/09u5iFJ+aYf5Q==",
      "requires": {
        "braces": "^3.0.1",
        "picomatch": "^2.0.5"
      }
    },
    "minimatch": {
      "version": "3.0.4",
      "resolved": "https://registry.npmjs.org/minimatch/-/minimatch-3.0.4.tgz",
      "integrity": "sha512-yJHVQEhyqPLUTgt9B83PXu6W3rx4MvvHvSUvToogpwoGDOUQ+yDrR0HRot+yOCdCO7u4hX3pWft6kWBBcqh0UA==",
      "dev": true,
      "requires": {
        "brace-expansion": "^1.1.7"
      }
    },
    "once": {
      "version": "1.4.0",
      "resolved": "https://registry.npmjs.org/once/-/once-1.4.0.tgz",
      "integrity": "sha1-WDsap3WWHUsROsF9nFC6753Xa9E=",
      "dev": true,
      "requires": {
        "wrappy": "1"
      }
    },
    "path-is-absolute": {
      "version": "1.0.1",
      "resolved": "https://registry.npmjs.org/path-is-absolute/-/path-is-absolute-1.0.1.tgz",
      "integrity": "sha1-F0uSaHNVNP+8es5r9TpanhtcX18=",
      "dev": true
    },
    "picomatch": {
      "version": "2.2.2",
      "resolved": "https://registry.npmjs.org/picomatch/-/picomatch-2.2.2.tgz",
      "integrity": "sha512-q0M/9eZHzmr0AulXyPwNfZjtwZ/RBZlbN3K3CErVrk50T2ASYI7Bye0EvekFY3IP1Nt2DHu0re+V2ZHIpMkuWg=="
    },
    "rimraf": {
      "version": "3.0.2",
      "resolved": "https://registry.npmjs.org/rimraf/-/rimraf-3.0.2.tgz",
      "integrity": "sha512-JZkJMZkAGFFPP2YqXZXPbMlMBgsxzE8ILs4lMIX/2o0L9UBw9O/Y3o6wFw/i9YLapcUJWwqbi3kdxIPdC62TIA==",
      "dev": true,
      "requires": {
        "glob": "^7.1.3"
      }
    },
    "source-map": {
      "version": "0.6.1",
      "resolved": "https://registry.npmjs.org/source-map/-/source-map-0.6.1.tgz",
      "integrity": "sha512-UjgapumWlbMhkBgzT7Ykc5YXUT46F0iKu8SGXq0bcwP5dz/h0Plj6enJqjz1Zbq2l5WaqYnrVbwWOWMyF3F47g==",
      "dev": true
    },
    "source-map-support": {
      "version": "0.5.19",
      "resolved": "https://registry.npmjs.org/source-map-support/-/source-map-support-0.5.19.tgz",
      "integrity": "sha512-Wonm7zOCIJzBGQdB+thsPar0kYuCIzYvxZwlBa87yi/Mdjv7Tip2cyVbLj5o0cFPN4EVkuTwb3GDDyUx2DGnGw==",
      "dev": true,
      "requires": {
        "buffer-from": "^1.0.0",
        "source-map": "^0.6.0"
      }
    },
    "strip-ansi": {
      "version": "6.0.0",
      "resolved": "https://registry.npmjs.org/strip-ansi/-/strip-ansi-6.0.0.tgz",
      "integrity": "sha512-AuvKTrTfQNYNIctbR1K/YGTR1756GycPsg7b9bdV9Duqur4gv6aKqHXah67Z8ImS7WEz5QVcOtlfW2rZEugt6w==",
      "requires": {
        "ansi-regex": "^5.0.0"
      }
    },
    "to-regex-range": {
      "version": "5.0.1",
      "resolved": "https://registry.npmjs.org/to-regex-range/-/to-regex-range-5.0.1.tgz",
      "integrity": "sha512-65P7iz6X5yEr1cwcgvQxbbIw7Uk3gOy5dIdtZ4rDveLqhrdJP+Li/Hx6tyK0NEb+2GCyneCMJiGqrADCSNk8sQ==",
      "requires": {
        "is-number": "^7.0.0"
      }
    },
    "ts-node": {
      "version": "9.1.1",
      "resolved": "https://registry.npmjs.org/ts-node/-/ts-node-9.1.1.tgz",
      "integrity": "sha512-hPlt7ZACERQGf03M253ytLY3dHbGNGrAq9qIHWUY9XHYl1z7wYngSr3OQ5xmui8o2AaxsONxIzjafLUiWBo1Fg==",
      "dev": true,
      "requires": {
        "arg": "^4.1.0",
        "create-require": "^1.1.0",
        "diff": "^4.0.1",
        "make-error": "^1.1.1",
        "source-map-support": "^0.5.17",
        "yn": "3.1.1"
      }
    },
    "type-fest": {
      "version": "0.11.0",
      "resolved": "https://registry.npmjs.org/type-fest/-/type-fest-0.11.0.tgz",
      "integrity": "sha512-OdjXJxnCN1AvyLSzeKIgXTXxV+99ZuXl3Hpo9XpJAv9MBcHrrJOQ5kV7ypXOuQie+AmWG25hLbiKdwYTifzcfQ=="
    },
    "typescript": {
      "version": "4.1.3",
      "resolved": "https://registry.npmjs.org/typescript/-/typescript-4.1.3.tgz",
      "integrity": "sha512-B3ZIOf1IKeH2ixgHhj6la6xdwR9QrLC5d1VKeCSY4tvkqhF2eqd9O7txNlS0PO3GrBAFIdr3L1ndNwteUbZLYg==",
      "dev": true
    },
    "wrappy": {
      "version": "1.0.2",
      "resolved": "https://registry.npmjs.org/wrappy/-/wrappy-1.0.2.tgz",
      "integrity": "sha1-tSQ9jz7BqjXxNkYFvA0QNuMKtp8=",
      "dev": true
    },
    "yn": {
      "version": "3.1.1",
      "resolved": "https://registry.npmjs.org/yn/-/yn-3.1.1.tgz",
      "integrity": "sha512-Ux4ygGWsu2c7isFWe8Yu1YluJmqVhxqK2cLXNQA5AcC3QfbGNpM7fu0Y8b/z16pXLnFxZYvWhd3fhBY9DLmC6Q==",
      "dev": true
    }
  }
}
